
Microsoft Visual Studio Solution File, Format Version 12.00
# Visual Studio Version 17
VisualStudioVersion = 17.5.002.0
MinimumVisualStudioVersion = 10.0.40219.1
Project("{2150E333-8FDC-42A3-9474-1A3956D46DE8}") = "IntroCSharp", "IntroCSharp", "{B027FE6B-781D-426A-A98D-8E09D3A60C64}"
EndProject
Project("{9A19103F-16F7-4668-BE54-9A1E7A4F7556}") = "TaskA", "IntroCSharp\TaskA\TaskA.csproj", "{65330512-A17F-4DBA-80F5-BB16DE56FEF7}"
EndProject
Project("{9A19103F-16F7-4668-BE54-9A1E7A4F7556}") = "TaskB", "IntroCSharp\TaskB\TaskB.csproj", "{DE842C98-4E6E-4245-8E67-F9A705E49D4A}"
EndProject
Project("{9A19103F-16F7-4668-BE54-9A1E7A4F7556}") = "TaskC", "IntroCSharp\TaskC\TaskC.csproj", "{0193C398-7085-4CB9-AB65-CCB1E528702B}"
EndProject
Global
	GlobalSection(SolutionConfigurationPlatforms) = preSolution
		Debug|Any CPU = Debug|Any CPU
		Release|Any CPU = Release|Any CPU
	EndGlobalSection
	GlobalSection(ProjectConfigurationPlatforms) = postSolution
		{65330512-A17F-4DBA-80F5-BB16DE56FEF7}.Debug|Any CPU.ActiveCfg = Debug|Any CPU
		{65330512-A17F-4DBA-80F5-BB16DE56FEF7}.Debug|Any CPU.Build.0 = Debug|Any CPU
		{65330512-A17F-4DBA-80F5-BB16DE56FEF7}.Release|Any CPU.ActiveCfg = Release|Any CPU
		{65330512-A17F-4DBA-80F5-BB16DE56FEF7}.Release|Any CPU.Build.0 = Release|Any CPU
		{DE842C98-4E6E-4245-8E67-F9A705E49D4A}.Debug|Any CPU.ActiveCfg = Debug|Any CPU
		{DE842C98-4E6E-4245-8E67-F9A705E49D4A}.Debug|Any CPU.Build.0 = Debug|Any CPU
		{DE842C98-4E6E-4245-8E67-F9A705E49D4A}.Release|Any CPU.ActiveCfg = Release|Any CPU
		{DE842C98-4E6E-4245-8E67-F9A705E49D4A}.Release|Any CPU.Build.0 = Release|Any CPU
		{0193C398-7085-4CB9-AB65-CCB1E528702B}.Debug|Any CPU.ActiveCfg = Debug|Any CPU
		{0193C398-7085-4CB9-AB65-CCB1E528702B}.Debug|Any CPU.Build.0 = Debug|Any CPU
		{0193C398-7085-4CB9-AB65-CCB1E528702B}.Release|Any CPU.ActiveCfg = Release|Any CPU
		{0193C398-7085-4CB9-AB65-CCB1E528702B}.Release|Any CPU.Build.0 = Release|Any CPU
	EndGlobalSection
	GlobalSection(SolutionProperties) = preSolution
		HideSolutionNode = FALSE
	EndGlobalSection
	GlobalSection(NestedProjects) = preSolution
		{65330512-A17F-4DBA-80F5-BB16DE56FEF7} = {B027FE6B-781D-426A-A98D-8E09D3A60C64}
		{DE842C98-4E6E-4245-8E67-F9A705E49D4A} = {B027FE6B-781D-426A-A98D-8E09D3A60C64}
		{0193C398-7085-4CB9-AB65-CCB1E528702B} = {B027FE6B-781D-426A-A98D-8E09D3A60C64}
	EndGlobalSection
	GlobalSection(ExtensibilityGlobals) = postSolution
		SolutionGuid = {2831C6C8-9F9E-401E-88B7-2A555235FF90}
	EndGlobalSection
EndGlobal
